{
  "requires": true,
  "lockfileVersion": 1,
  "dependencies": {
    "@fullpage/react-fullpage": {
      "version": "0.1.10",
      "resolved": "https://registry.npmjs.org/@fullpage/react-fullpage/-/react-fullpage-0.1.10.tgz",
      "integrity": "sha512-VDgrIsmntMvHVo+p+UcO60UY3/pQfPDipqbY31uJK7CzeTslGY1TqIe/XPfzH1dDr3HgXvG2gPQMGOh07Xko/A==",
      "requires": {
        "fullpage.js": "^3.0.4"
      }
    },
    "fullpage.js": {
      "version": "3.0.4",
      "resolved": "https://registry.npmjs.org/fullpage.js/-/fullpage.js-3.0.4.tgz",
      "integrity": "sha512-GWpud0Gvr8i4k3QySoajFevO18UBKMJ9znU3o4uaXZkKYqLtS8d1BSQoAARmYwYgBLOw3YrKAG+4LoaIokO1UA=="
    }
  }
}
